Microsoft Visual Studio Solution File, Format Version 12.00
# Visual Studio Version 17
VisualStudioVersion = 17.5.2.0
MinimumVisualStudioVersion = 10.0.40219.1
Project("{2150E333-8FDC-42A3-9474-1A3956D46DE8}") = "src", "src", "{827E0CD3-B72D-47B6-A68D-7590B98EB39B}"
EndProject
Project("{FAE04EC0-301F-11D3-BF4B-00C04F79EFBC}") = "Core", "src\Core\Core.csproj", "{4114E4DC-A6BD-9F5D-EC82-1C3B16F50727}"
EndProject
Project("{FAE04EC0-301F-11D3-BF4B-00C04F79EFBC}") = "Common", "src\Common\Common.csproj", "{3F3044DC-A9F8-DE16-79DD-4A0C1649CD06}"
EndProject
Project("{FAE04EC0-301F-11D3-BF4B-00C04F79EFBC}") = "Main", "src\Main\Main.csproj", "{B4205AF3-4EF9-B22E-6649-59EE568A0E0D}"
EndProject
Project("{FAE04EC0-301F-11D3-BF4B-00C04F79EFBC}") = "Generators", "src\Generators\Generators.csproj", "{CD8ABF39-D1FB-99D1-A109-A23A6DB4F683}"
EndProject
Project("{2150E333-8FDC-42A3-9474-1A3956D46DE8}") = "Modules", "Modules", "{EC447DCF-ABFA-6E24-52A5-D7FD48A5C558}"
EndProject
Project("{FAE04EC0-301F-11D3-BF4B-00C04F79EFBC}") = "Analytics", "src\Modules\Analytics\Analytics.csproj", "{812E0A71-3BDD-D491-547B-8BFD19496EDB}"
EndProject
Project("{FAE04EC0-301F-11D3-BF4B-00C04F79EFBC}") = "Auth", "src\Modules\Auth\Auth.csproj", "{727DB5B0-A2A0-94EB-DE97-0EED9D77B585}"
EndProject
Project("{FAE04EC0-301F-11D3-BF4B-00C04F79EFBC}") = "Sales", "src\Modules\Sales\Sales.csproj", "{02FF3053-E9CF-1585-DBA6-145301391727}"
EndProject
Global
	GlobalSection(SolutionConfigurationPlatforms) = preSolution
		Debug|Any CPU = Debug|Any CPU
		Release|Any CPU = Release|Any CPU
	EndGlobalSection
	GlobalSection(ProjectConfigurationPlatforms) = postSolution
		{4114E4DC-A6BD-9F5D-EC82-1C3B16F50727}.Debug|Any CPU.ActiveCfg = Debug|Any CPU
		{4114E4DC-A6BD-9F5D-EC82-1C3B16F50727}.Debug|Any CPU.Build.0 = Debug|Any CPU
		{4114E4DC-A6BD-9F5D-EC82-1C3B16F50727}.Release|Any CPU.ActiveCfg = Release|Any CPU
		{4114E4DC-A6BD-9F5D-EC82-1C3B16F50727}.Release|Any CPU.Build.0 = Release|Any CPU
		{3F3044DC-A9F8-DE16-79DD-4A0C1649CD06}.Debug|Any CPU.ActiveCfg = Debug|Any CPU
		{3F3044DC-A9F8-DE16-79DD-4A0C1649CD06}.Debug|Any CPU.Build.0 = Debug|Any CPU
		{3F3044DC-A9F8-DE16-79DD-4A0C1649CD06}.Release|Any CPU.ActiveCfg = Release|Any CPU
		{3F3044DC-A9F8-DE16-79DD-4A0C1649CD06}.Release|Any CPU.Build.0 = Release|Any CPU
		{B4205AF3-4EF9-B22E-6649-59EE568A0E0D}.Debug|Any CPU.ActiveCfg = Debug|Any CPU
		{B4205AF3-4EF9-B22E-6649-59EE568A0E0D}.Debug|Any CPU.Build.0 = Debug|Any CPU
		{B4205AF3-4EF9-B22E-6649-59EE568A0E0D}.Release|Any CPU.ActiveCfg = Release|Any CPU
		{B4205AF3-4EF9-B22E-6649-59EE568A0E0D}.Release|Any CPU.Build.0 = Release|Any CPU
		{CD8ABF39-D1FB-99D1-A109-A23A6DB4F683}.Debug|Any CPU.ActiveCfg = Debug|Any CPU
		{CD8ABF39-D1FB-99D1-A109-A23A6DB4F683}.Debug|Any CPU.Build.0 = Debug|Any CPU
		{CD8ABF39-D1FB-99D1-A109-A23A6DB4F683}.Release|Any CPU.ActiveCfg = Release|Any CPU
		{CD8ABF39-D1FB-99D1-A109-A23A6DB4F683}.Release|Any CPU.Build.0 = Release|Any CPU
		{812E0A71-3BDD-D491-547B-8BFD19496EDB}.Debug|Any CPU.ActiveCfg = Debug|Any CPU
		{812E0A71-3BDD-D491-547B-8BFD19496EDB}.Debug|Any CPU.Build.0 = Debug|Any CPU
		{812E0A71-3BDD-D491-547B-8BFD19496EDB}.Release|Any CPU.ActiveCfg = Release|Any CPU
		{812E0A71-3BDD-D491-547B-8BFD19496EDB}.Release|Any CPU.Build.0 = Release|Any CPU
		{727DB5B0-A2A0-94EB-DE97-0EED9D77B585}.Debug|Any CPU.ActiveCfg = Debug|Any CPU
		{727DB5B0-A2A0-94EB-DE97-0EED9D77B585}.Debug|Any CPU.Build.0 = Debug|Any CPU
		{727DB5B0-A2A0-94EB-DE97-0EED9D77B585}.Release|Any CPU.ActiveCfg = Release|Any CPU
		{727DB5B0-A2A0-94EB-DE97-0EED9D77B585}.Release|Any CPU.Build.0 = Release|Any CPU
		{02FF3053-E9CF-1585-DBA6-145301391727}.Debug|Any CPU.ActiveCfg = Debug|Any CPU
		{02FF3053-E9CF-1585-DBA6-145301391727}.Debug|Any CPU.Build.0 = Debug|Any CPU
		{02FF3053-E9CF-1585-DBA6-145301391727}.Release|Any CPU.ActiveCfg = Release|Any CPU
		{02FF3053-E9CF-1585-DBA6-145301391727}.Release|Any CPU.Build.0 = Release|Any CPU
	EndGlobalSection
	GlobalSection(SolutionProperties) = preSolution
		HideSolutionNode = FALSE
	EndGlobalSection
	GlobalSection(NestedProjects) = preSolution
		{4114E4DC-A6BD-9F5D-EC82-1C3B16F50727} = {827E0CD3-B72D-47B6-A68D-7590B98EB39B}
		{3F3044DC-A9F8-DE16-79DD-4A0C1649CD06} = {827E0CD3-B72D-47B6-A68D-7590B98EB39B}
		{B4205AF3-4EF9-B22E-6649-59EE568A0E0D} = {827E0CD3-B72D-47B6-A68D-7590B98EB39B}
		{CD8ABF39-D1FB-99D1-A109-A23A6DB4F683} = {827E0CD3-B72D-47B6-A68D-7590B98EB39B}
		{EC447DCF-ABFA-6E24-52A5-D7FD48A5C558} = {827E0CD3-B72D-47B6-A68D-7590B98EB39B}
		{812E0A71-3BDD-D491-547B-8BFD19496EDB} = {EC447DCF-ABFA-6E24-52A5-D7FD48A5C558}
		{727DB5B0-A2A0-94EB-DE97-0EED9D77B585} = {EC447DCF-ABFA-6E24-52A5-D7FD48A5C558}
		{02FF3053-E9CF-1585-DBA6-145301391727} = {EC447DCF-ABFA-6E24-52A5-D7FD48A5C558}
	EndGlobalSection
	GlobalSection(ExtensibilityGlobals) = postSolution
		SolutionGuid = {4D434506-B56B-48BA-9696-E0A430967EA5}
	EndGlobalSection
EndGlobal
